PODS:
  - AFNetworking/NSURLConnection (2.4.1):
    - AFNetworking/Reachability
    - AFNetworking/Security
    - AFNetworking/Serialization
  - AFNetworking/NSURLSession (2.4.1):
    - AFNetworking/Reachability
    - AFNetworking/Security
    - AFNetworking/Serialization
  - AFNetworking/Reachability (2.4.1)
  - AFNetworking/Security (2.4.1)
  - AFNetworking/Serialization (2.4.1)
  - AFNetworking/UIKit (2.4.1):
    - AFNetworking/NSURLConnection
    - AFNetworking/NSURLSession
  - BBlock/UIKit (1.2.0)
  - BDBOAuth1Manager (1.4.0):
    - AFNetworking/NSURLConnection (~> 2.4.0)
    - AFNetworking/NSURLSession (~> 2.4.0)

DEPENDENCIES:
  - AFNetworking/UIKit (~> 2.4.0)
  - BBlock/UIKit (~> 1.2.0)
  - BDBOAuth1Manager (from `../`)

EXTERNAL SOURCES:
  BDBOAuth1Manager:
    :path: ../

SPEC CHECKSUMS:
  AFNetworking: 0aabc6fae66d6e5d039eeb21c315843c7aae51ab
  BBlock: 90f0ae0e3ba94fc88be6b9a85b4adbb73b8a7c9a
  BDBOAuth1Manager: b4fbf16a027a5af311f75c2d3a129ef05236f193

COCOAPODS: 0.33.1
