PODS:
  - AFNetworking/NSURLConnection (2.2.4):
    - AFNetworking/Reachability
    - AFNetworking/Security
    - AFNetworking/Serialization
  - AFNetworking/NSURLSession (2.2.4):
    - AFNetworking/NSURLConnection
  - AFNetworking/Reachability (2.2.4)
  - AFNetworking/Security (2.2.4)
  - AFNetworking/Serialization (2.2.4)
  - AFNetworking/UIKit (2.2.4):
    - AFNetworking/NSURLConnection
    - AFNetworking/NSURLSession
  - BBlock/UIKit (1.2.0)
  - BDBOAuth1Manager (1.2.1):
    - AFNetworking/NSURLConnection (~> 2.2.0)
    - AFNetworking/NSURLSession (~> 2.2.0)

DEPENDENCIES:
  - AFNetworking/UIKit (~> 2.2.0)
  - BBlock/UIKit (~> 1.2.0)
  - BDBOAuth1Manager (from `../`)

EXTERNAL SOURCES:
  BDBOAuth1Manager:
    :path: ../

SPEC CHECKSUMS:
  AFNetworking: 01aa7c3aa9a200b94943e54072a4373f14b3d219
  BBlock: f2408a391007cbd72c0a122869e19fda8e12f0bc
  BDBOAuth1Manager: 6ea87b4fd051b4f65475d168a816c3c6db3caa7c

COCOAPODS: 0.33.1
